
Microsoft Visual Studio Solution File, Format Version 12.00
# Visual Studio Version 17
VisualStudioVersion = 17.4.33110.190
MinimumVisualStudioVersion = 10.0.40219.1
Project("{2150E333-8FDC-42A3-9474-1A3956D46DE8}") = "02 - Domain", "02 - Domain", "{BEA23B81-AF5F-4C7D-B45D-D402F79CD48E}"
EndProject
Project("{2150E333-8FDC-42A3-9474-1A3956D46DE8}") = "03 - Infra", "03 - Infra", "{CD9B01A0-AF56-4A28-BE02-66CF7DDCECE9}"
EndProject
Project("{2150E333-8FDC-42A3-9474-1A3956D46DE8}") = "03.1 - Data", "03.1 - Data", "{2D1022AB-3E78-4E5A-8404-7B9DF359476A}"
EndProject
Project("{2150E333-8FDC-42A3-9474-1A3956D46DE8}") = "03.2 - CrossCutting", "03.2 - CrossCutting", "{3D4CA4B9-A9CF-43B5-870C-EE42D8B25CD2}"
EndProject
Project("{9A19103F-16F7-4668-BE54-9A1E7A4F7556}") = "Herval.DownloadArquivos.Domain", "src\Herval.DownloadArquivos.Domain\Herval.DownloadArquivos.Domain.csproj", "{76668F62-7D29-412B-B049-8B16F9C785C2}"
EndProject
Project("{9A19103F-16F7-4668-BE54-9A1E7A4F7556}") = "Herval.DownloadArquivos.Infra.Data", "src\Herval.DownloadArquivos.Infra.Data\Herval.DownloadArquivos.Infra.Data.csproj", "{F083EBA0-92AD-4560-BA0F-7B50A10C03B1}"
EndProject
Project("{9A19103F-16F7-4668-BE54-9A1E7A4F7556}") = "Herval.DownloadArquivos.Infra.CrossCutting.Ioc", "src\Herval.DownloadArquivos.Infra.CrossCutting.Ioc\Herval.DownloadArquivos.Infra.CrossCutting.Ioc.csproj", "{196D63CA-F348-4955-BAD4-5890057713AC}"
EndProject
Project("{9A19103F-16F7-4668-BE54-9A1E7A4F7556}") = "Herval.DownloadArquivos.Infra.CrossCutting", "src\Herval.DownloadArquivos.Infra.CrossCutting\Herval.DownloadArquivos.Infra.CrossCutting.csproj", "{F67C9AC8-2FD5-4D03-8F74-52F7520AD520}"
EndProject
Project("{FAE04EC0-301F-11D3-BF4B-00C04F79EFBC}") = "Herval.DownloadArquivos.Worker", "src\Herval.DownloadArquivos.Worker\Herval.DownloadArquivos.Worker.csproj", "{A9EBB10E-45FB-41F7-98FF-D95A22F355D9}"
EndProject
Global
	GlobalSection(SolutionConfigurationPlatforms) = preSolution
		Debug|Any CPU = Debug|Any CPU
		Release|Any CPU = Release|Any CPU
	EndGlobalSection
	GlobalSection(ProjectConfigurationPlatforms) = postSolution
		{76668F62-7D29-412B-B049-8B16F9C785C2}.Debug|Any CPU.ActiveCfg = Debug|Any CPU
		{76668F62-7D29-412B-B049-8B16F9C785C2}.Debug|Any CPU.Build.0 = Debug|Any CPU
		{76668F62-7D29-412B-B049-8B16F9C785C2}.Release|Any CPU.ActiveCfg = Release|Any CPU
		{76668F62-7D29-412B-B049-8B16F9C785C2}.Release|Any CPU.Build.0 = Release|Any CPU
		{F083EBA0-92AD-4560-BA0F-7B50A10C03B1}.Debug|Any CPU.ActiveCfg = Debug|Any CPU
		{F083EBA0-92AD-4560-BA0F-7B50A10C03B1}.Debug|Any CPU.Build.0 = Debug|Any CPU
		{F083EBA0-92AD-4560-BA0F-7B50A10C03B1}.Release|Any CPU.ActiveCfg = Release|Any CPU
		{F083EBA0-92AD-4560-BA0F-7B50A10C03B1}.Release|Any CPU.Build.0 = Release|Any CPU
		{196D63CA-F348-4955-BAD4-5890057713AC}.Debug|Any CPU.ActiveCfg = Debug|Any CPU
		{196D63CA-F348-4955-BAD4-5890057713AC}.Debug|Any CPU.Build.0 = Debug|Any CPU
		{196D63CA-F348-4955-BAD4-5890057713AC}.Release|Any CPU.ActiveCfg = Release|Any CPU
		{196D63CA-F348-4955-BAD4-5890057713AC}.Release|Any CPU.Build.0 = Release|Any CPU
		{F67C9AC8-2FD5-4D03-8F74-52F7520AD520}.Debug|Any CPU.ActiveCfg = Debug|Any CPU
		{F67C9AC8-2FD5-4D03-8F74-52F7520AD520}.Debug|Any CPU.Build.0 = Debug|Any CPU
		{F67C9AC8-2FD5-4D03-8F74-52F7520AD520}.Release|Any CPU.ActiveCfg = Release|Any CPU
		{F67C9AC8-2FD5-4D03-8F74-52F7520AD520}.Release|Any CPU.Build.0 = Release|Any CPU
	EndGlobalSection
	GlobalSection(SolutionProperties) = preSolution
		HideSolutionNode = FALSE
	EndGlobalSection
	GlobalSection(NestedProjects) = preSolution
		{2D1022AB-3E78-4E5A-8404-7B9DF359476A} = {CD9B01A0-AF56-4A28-BE02-66CF7DDCECE9}
		{3D4CA4B9-A9CF-43B5-870C-EE42D8B25CD2} = {CD9B01A0-AF56-4A28-BE02-66CF7DDCECE9}
		{76668F62-7D29-412B-B049-8B16F9C785C2} = {BEA23B81-AF5F-4C7D-B45D-D402F79CD48E}
		{F083EBA0-92AD-4560-BA0F-7B50A10C03B1} = {2D1022AB-3E78-4E5A-8404-7B9DF359476A}
		{196D63CA-F348-4955-BAD4-5890057713AC} = {3D4CA4B9-A9CF-43B5-870C-EE42D8B25CD2}
		{F67C9AC8-2FD5-4D03-8F74-52F7520AD520} = {3D4CA4B9-A9CF-43B5-870C-EE42D8B25CD2}
	EndGlobalSection
	GlobalSection(ExtensibilityGlobals) = postSolution
		SolutionGuid = {329CD476-902F-4EE0-9DE0-D6CC1B791335}
	EndGlobalSection
EndGlobal
